
Microsoft Visual Studio Solution File, Format Version 12.00
# Visual Studio Version 17
VisualStudioVersion = 17.13.35931.197 d17.13
MinimumVisualStudioVersion = 10.0.40219.1
Project("{FAE04EC0-301F-11D3-BF4B-00C04F79EFBC}") = "Error404-Parkiando", "Error404-Parkiando\Error404-Parkiando.csproj", "{1948E678-D791-48A8-A211-0AA441B6DCBD}"
EndProject
Global
	GlobalSection(SolutionConfigurationPlatforms) = preSolution
		Debug|Any CPU = Debug|Any CPU
		Release|Any CPU = Release|Any CPU
	EndGlobalSection
	GlobalSection(ProjectConfigurationPlatforms) = postSolution
		{1948E678-D791-48A8-A211-0AA441B6DCBD}.Debug|Any CPU.ActiveCfg = Debug|Any CPU
		{1948E678-D791-48A8-A211-0AA441B6DCBD}.Debug|Any CPU.Build.0 = Debug|Any CPU
		{1948E678-D791-48A8-A211-0AA441B6DCBD}.Release|Any CPU.ActiveCfg = Release|Any CPU
		{1948E678-D791-48A8-A211-0AA441B6DCBD}.Release|Any CPU.Build.0 = Release|Any CPU
	EndGlobalSection
	GlobalSection(SolutionProperties) = preSolution
		HideSolutionNode = FALSE
	EndGlobalSection
	GlobalSection(ExtensibilityGlobals) = postSolution
		SolutionGuid = {A4CAA55A-3630-44A5-A28A-FC0AC566B442}
	EndGlobalSection
EndGlobal
